
Microsoft Visual Studio Solution File, Format Version 12.00
# Visual Studio Version 16
VisualStudioVersion = 16.0.30225.117
MinimumVisualStudioVersion = 10.0.40219.1
Project("{FAE04EC0-301F-11D3-BF4B-00C04F79EFBC}") = "Sinama_Final", "Sinama_Final\Sinama_Final.csproj", "{EB699E27-0CEE-4B01-B5B8-C6E2F729F2F8}"
EndProject
Project("{FAE04EC0-301F-11D3-BF4B-00C04F79EFBC}") = "Test", "Test\Test.csproj", "{A1DD04DE-5F17-4ED8-B207-46275B6BC7D0}"
EndProject
Global
	GlobalSection(SolutionConfigurationPlatforms) = preSolution
		Debug|Any CPU = Debug|Any CPU
		Release|Any CPU = Release|Any CPU
	EndGlobalSection
	GlobalSection(ProjectConfigurationPlatforms) = postSolution
		{EB699E27-0CEE-4B01-B5B8-C6E2F729F2F8}.Debug|Any CPU.ActiveCfg = Debug|Any CPU
		{EB699E27-0CEE-4B01-B5B8-C6E2F729F2F8}.Debug|Any CPU.Build.0 = Debug|Any CPU
		{EB699E27-0CEE-4B01-B5B8-C6E2F729F2F8}.Release|Any CPU.ActiveCfg = Release|Any CPU
		{EB699E27-0CEE-4B01-B5B8-C6E2F729F2F8}.Release|Any CPU.Build.0 = Release|Any CPU
		{A1DD04DE-5F17-4ED8-B207-46275B6BC7D0}.Debug|Any CPU.ActiveCfg = Debug|Any CPU
		{A1DD04DE-5F17-4ED8-B207-46275B6BC7D0}.Debug|Any CPU.Build.0 = Debug|Any CPU
		{A1DD04DE-5F17-4ED8-B207-46275B6BC7D0}.Release|Any CPU.ActiveCfg = Release|Any CPU
		{A1DD04DE-5F17-4ED8-B207-46275B6BC7D0}.Release|Any CPU.Build.0 = Release|Any CPU
	EndGlobalSection
	GlobalSection(SolutionProperties) = preSolution
		HideSolutionNode = FALSE
	EndGlobalSection
	GlobalSection(ExtensibilityGlobals) = postSolution
		SolutionGuid = {C5631A7C-F777-475D-B3EF-E358860FFCD6}
	EndGlobalSection
EndGlobal
